
Microsoft Visual Studio Solution File, Format Version 12.00
# Visual Studio Version 17
VisualStudioVersion = 17.5.33502.453
MinimumVisualStudioVersion = 10.0.40219.1
Project("{8BC9CEB8-8B4A-11D0-8D11-00A0C91BC942}") = "03_15", "03_15\03_15.vcxproj", "{1321DEE5-C2BE-40F1-B664-29A1C8BD91FF}"
EndProject
Global
	GlobalSection(SolutionConfigurationPlatforms) = preSolution
		Debug|x64 = Debug|x64
		Debug|x86 = Debug|x86
		Release|x64 = Release|x64
		Release|x86 = Release|x86
	EndGlobalSection
	GlobalSection(ProjectConfigurationPlatforms) = postSolution
		{1321DEE5-C2BE-40F1-B664-29A1C8BD91FF}.Debug|x64.ActiveCfg = Debug|x64
		{1321DEE5-C2BE-40F1-B664-29A1C8BD91FF}.Debug|x64.Build.0 = Debug|x64
		{1321DEE5-C2BE-40F1-B664-29A1C8BD91FF}.Debug|x86.ActiveCfg = Debug|Win32
		{1321DEE5-C2BE-40F1-B664-29A1C8BD91FF}.Debug|x86.Build.0 = Debug|Win32
		{1321DEE5-C2BE-40F1-B664-29A1C8BD91FF}.Release|x64.ActiveCfg = Release|x64
		{1321DEE5-C2BE-40F1-B664-29A1C8BD91FF}.Release|x64.Build.0 = Release|x64
		{1321DEE5-C2BE-40F1-B664-29A1C8BD91FF}.Release|x86.ActiveCfg = Release|Win32
		{1321DEE5-C2BE-40F1-B664-29A1C8BD91FF}.Release|x86.Build.0 = Release|Win32
	EndGlobalSection
	GlobalSection(SolutionProperties) = preSolution
		HideSolutionNode = FALSE
	EndGlobalSection
	GlobalSection(ExtensibilityGlobals) = postSolution
		SolutionGuid = {14C25249-DFC1-4960-883A-5A9E80D4BE8F}
	EndGlobalSection
EndGlobal
